
Microsoft Visual Studio Solution File, Format Version 12.00
# Visual Studio Version 17
VisualStudioVersion = 17.2.32630.192
MinimumVisualStudioVersion = 10.0.40219.1
Project("{FAE04EC0-301F-11D3-BF4B-00C04F79EFBC}") = "my-books", "my-books\my-books.csproj", "{2CA3A376-1C1A-4D81-AE20-050A1F2B014C}"
EndProject
Global
	GlobalSection(SolutionConfigurationPlatforms) = preSolution
		Debug|Any CPU = Debug|Any CPU
		Release|Any CPU = Release|Any CPU
	EndGlobalSection
	GlobalSection(ProjectConfigurationPlatforms) = postSolution
		{2CA3A376-1C1A-4D81-AE20-050A1F2B014C}.Debug|Any CPU.ActiveCfg = Debug|Any CPU
		{2CA3A376-1C1A-4D81-AE20-050A1F2B014C}.Debug|Any CPU.Build.0 = Debug|Any CPU
		{2CA3A376-1C1A-4D81-AE20-050A1F2B014C}.Release|Any CPU.ActiveCfg = Release|Any CPU
		{2CA3A376-1C1A-4D81-AE20-050A1F2B014C}.Release|Any CPU.Build.0 = Release|Any CPU
	EndGlobalSection
	GlobalSection(SolutionProperties) = preSolution
		HideSolutionNode = FALSE
	EndGlobalSection
	GlobalSection(ExtensibilityGlobals) = postSolution
		SolutionGuid = {843AD0D9-5C99-4587-9F9D-5187BDE57275}
	EndGlobalSection
EndGlobal
